// !$*UTF8*$!
{
	archiveVersion = 1;
	classes = {
	};
	objectVersion = 55;
	objects = {

/* Begin PBXBuildFile section */
		96F159C329D4021300839973 /* Animations_ExamplesApp.swift in Sources */ = {isa = PBXBuildFile; fileRef = 96F159C229D4021300839973 /* Animations_ExamplesApp.swift */; };
		96F159C529D4021300839973 /* Animation Customizations.swift in Sources */ = {isa = PBXBuildFile; fileRef = 96F159C429D4021300839973 /* Animation Customizations.swift */; };
		96F159C729D4021700839973 /* Assets.xcassets in Resources */ = {isa = PBXBuildFile; fileRef = 96F159C629D4021700839973 /* Assets.xcassets */; };
		96F159CA29D4021700839973 /* Preview Assets.xcassets in Resources */ = {isa = PBXBuildFile; fileRef = 96F159C929D4021700839973 /* Preview Assets.xcassets */; };
		96F159D129D4068F00839973 /* Animation Bindings.swift in Sources */ = {isa = PBXBuildFile; fileRef = 96F159D029D4068F00839973 /* Animation Bindings.swift */; };
		96F159D329D6010800839973 /* Explicit Animations.swift in Sources */ = {isa = PBXBuildFile; fileRef = 96F159D229D6010800839973 /* Explicit Animations.swift */; };
		96F159D529D603E400839973 /* Animation Stack.swift in Sources */ = {isa = PBXBuildFile; fileRef = 96F159D429D603E400839973 /* Animation Stack.swift */; };
		96F159D729D605F600839973 /* Animating Gestures.swift in Sources */ = {isa = PBXBuildFile; fileRef = 96F159D629D605F600839973 /* Animating Gestures.swift */; };
		96F159D929D6061100839973 /* View Transitions.swift in Sources */ = {isa = PBXBuildFile; fileRef = 96F159D829D6061100839973 /* View Transitions.swift */; };
		96F159DB29D6062500839973 /* Custom Transitions.swift in Sources */ = {isa = PBXBuildFile; fileRef = 96F159DA29D6062500839973 /* Custom Transitions.swift */; };
/* End PBXBuildFile section */

/* Begin PBXFileReference section */
		96F159BF29D4021300839973 /* Animations Examples.app */ = {isa = PBXFileReference; explicitFileType = wrapper.application; includeInIndex = 0; path = "Animations Examples.app"; sourceTree = BUILT_PRODUCTS_DIR; };
		96F159C229D4021300839973 /* Animations_ExamplesApp.swift */ = {isa = PBXFileReference; lastKnownFileType = sourcecode.swift; path = Animations_ExamplesApp.swift; sourceTree = "<group>"; };
		96F159C429D4021300839973 /* Animation Customizations.swift */ = {isa = PBXFileReference; lastKnownFileType = sourcecode.swift; path = "Animation Customizations.swift"; sourceTree = "<group>"; };
		96F159C629D4021700839973 /* Assets.xcassets */ = {isa = PBXFileReference; lastKnownFileType = folder.assetcatalog; path = Assets.xcassets; sourceTree = "<group>"; };
		96F159C929D4021700839973 /* Preview Assets.xcassets */ = {isa = PBXFileReference; lastKnownFileType = folder.assetcatalog; path = "Preview Assets.xcassets"; sourceTree = "<group>"; };
		96F159D029D4068F00839973 /* Animation Bindings.swift */ = {isa = PBXFileReference; lastKnownFileType = sourcecode.swift; path = "Animation Bindings.swift"; sourceTree = "<group>"; };
		96F159D229D6010800839973 /* Explicit Animations.swift */ = {isa = PBXFileReference; lastKnownFileType = sourcecode.swift; path = "Explicit Animations.swift"; sourceTree = "<group>"; };
		96F159D429D603E400839973 /* Animation Stack.swift */ = {isa = PBXFileReference; lastKnownFileType = sourcecode.swift; path = "Animation Stack.swift"; sourceTree = "<group>"; };
		96F159D629D605F600839973 /* Animating Gestures.swift */ = {isa = PBXFileReference; lastKnownFileType = sourcecode.swift; path = "Animating Gestures.swift"; sourceTree = "<group>"; };
		96F159D829D6061100839973 /* View Transitions.swift */ = {isa = PBXFileReference; lastKnownFileType = sourcecode.swift; path = "View Transitions.swift"; sourceTree = "<group>"; };
		96F159DA29D6062500839973 /* Custom Transitions.swift */ = {isa = PBXFileReference; lastKnownFileType = sourcecode.swift; path = "Custom Transitions.swift"; sourceTree = "<group>"; };
/* End PBXFileReference section */

/* Begin PBXFrameworksBuildPhase section */
		96F159BC29D4021300839973 /* Frameworks */ = {
			isa = PBXFrameworksBuildPhase;
			buildActionMask = 2147483647;
			files = (
			);
			runOnlyForDeploymentPostprocessing = 0;
		};
/* End PBXFrameworksBuildPhase section */

/* Begin PBXGroup section */
		96F159B629D4021300839973 = {
			isa = PBXGroup;
			children = (
				96F159C129D4021300839973 /* Animations Examples */,
				96F159C029D4021300839973 /* Products */,
			);
			sourceTree = "<group>";
		};
		96F159C029D4021300839973 /* Products */ = {
			isa = PBXGroup;
			children = (
				96F159BF29D4021300839973 /* Animations Examples.app */,
			);
			name = Products;
			sourceTree = "<group>";
		};
		96F159C129D4021300839973 /* Animations Examples */ = {
			isa = PBXGroup;
			children = (
				96F159C229D4021300839973 /* Animations_ExamplesApp.swift */,
				96F159D629D605F600839973 /* Animating Gestures.swift */,
				96F159C429D4021300839973 /* Animation Customizations.swift */,
				96F159D829D6061100839973 /* View Transitions.swift */,
				96F159D029D4068F00839973 /* Animation Bindings.swift */,
				96F159DA29D6062500839973 /* Custom Transitions.swift */,
				96F159D429D603E400839973 /* Animation Stack.swift */,
				96F159D229D6010800839973 /* Explicit Animations.swift */,
				96F159C629D4021700839973 /* Assets.xcassets */,
				96F159C829D4021700839973 /* Preview Content */,
			);
			path = "Animations Examples";
			sourceTree = "<group>";
		};
		96F159C829D4021700839973 /* Preview Content */ = {
			isa = PBXGroup;
			children = (
				96F159C929D4021700839973 /* Preview Assets.xcassets */,
			);
			path = "Preview Content";
			sourceTree = "<group>";
		};
/* End PBXGroup section */

/* Begin PBXNativeTarget section */
		96F159BE29D4021300839973 /* Animations Examples */ = {
			isa = PBXNativeTarget;
			buildConfigurationList = 96F159CD29D4021700839973 /* Build configuration list for PBXNativeTarget "Animations Examples" */;
			buildPhases = (
				96F159BB29D4021300839973 /* Sources */,
				96F159BC29D4021300839973 /* Frameworks */,
				96F159BD29D4021300839973 /* Resources */,
			);
			buildRules = (
			);
			dependencies = (
			);
			name = "Animations Examples";
			productName = "Animations Examples";
			productReference = 96F159BF29D4021300839973 /* Animations Examples.app */;
			productType = "com.apple.product-type.application";
		};
/* End PBXNativeTarget section */

/* Begin PBXProject section */
		96F159B729D4021300839973 /* Project object */ = {
			isa = PBXProject;
			attributes = {
				BuildIndependentTargetsInParallel = 1;
				LastSwiftUpdateCheck = 1320;
				LastUpgradeCheck = 1320;
				TargetAttributes = {
					96F159BE29D4021300839973 = {
						CreatedOnToolsVersion = 13.2.1;
					};
				};
			};
			buildConfigurationList = 96F159BA29D4021300839973 /* Build configuration list for PBXProject "Animations Examples" */;
			compatibilityVersion = "Xcode 13.0";
			developmentRegion = en;
			hasScannedForEncodings = 0;
			knownRegions = (
				en,
				Base,
			);
			mainGroup = 96F159B629D4021300839973;
			productRefGroup = 96F159C029D4021300839973 /* Products */;
			projectDirPath = "";
			projectRoot = "";
			targets = (
				96F159BE29D4021300839973 /* Animations Examples */,
			);
		};
/* End PBXProject section */

/* Begin PBXResourcesBuildPhase section */
		96F159BD29D4021300839973 /* Resources */ = {
			isa = PBXResourcesBuildPhase;
			buildActionMask = 2147483647;
			files = (
				96F159CA29D4021700839973 /* Preview Assets.xcassets in Resources */,
				96F159C729D4021700839973 /* Assets.xcassets in Resources */,
			);
			runOnlyForDeploymentPostprocessing = 0;
		};
/* End PBXResourcesBuildPhase section */

/* Begin PBXSourcesBuildPhase section */
		96F159BB29D4021300839973 /* Sources */ = {
			isa = PBXSourcesBuildPhase;
			buildActionMask = 2147483647;
			files = (
				96F159D129D4068F00839973 /* Animation Bindings.swift in Sources */,
				96F159D529D603E400839973 /* Animation Stack.swift in Sources */,
				96F159D329D6010800839973 /* Explicit Animations.swift in Sources */,
				96F159D929D6061100839973 /* View Transitions.swift in Sources */,
				96F159DB29D6062500839973 /* Custom Transitions.swift in Sources */,
				96F159D729D605F600839973 /* Animating Gestures.swift in Sources */,
				96F159C529D4021300839973 /* Animation Customizations.swift in Sources */,
				96F159C329D4021300839973 /* Animations_ExamplesApp.swift in Sources */,
			);
			runOnlyForDeploymentPostprocessing = 0;
		};
/* End PBXSourcesBuildPhase section */

/* Begin XCBuildConfiguration section */
		96F159CB29D4021700839973 /* Debug */ = {
			isa = XCBuildConfiguration;
			buildSettings = {
				ALWAYS_SEARCH_USER_PATHS = NO;
				CLANG_ANALYZER_NONNULL = YES;
				CLANG_ANALYZER_NUMBER_OBJECT_CONVERSION = YES_AGGRESSIVE;
				CLANG_CXX_LANGUAGE_STANDARD = "gnu++17";
				CLANG_CXX_LIBRARY = "libc++";
				CLANG_ENABLE_MODULES = YES;
				CLANG_ENABLE_OBJC_ARC = YES;
				CLANG_ENABLE_OBJC_WEAK = YES;
				CLANG_WARN_BLOCK_CAPTURE_AUTORELEASING = YES;
				CLANG_WARN_BOOL_CONVERSION = YES;
				CLANG_WARN_COMMA = YES;
				CLANG_WARN_CONSTANT_CONVERSION = YES;
				CLANG_WARN_DEPRECATED_OBJC_IMPLEMENTATIONS = YES;
				CLANG_WARN_DIRECT_OBJC_ISA_USAGE = YES_ERROR;
				CLANG_WARN_DOCUMENTATION_COMMENTS = YES;
				CLANG_WARN_EMPTY_BODY = YES;
				CLANG_WARN_ENUM_CONVERSION = YES;
				CLANG_WARN_INFINITE_RECURSION = YES;
				CLANG_WARN_INT_CONVERSION = YES;
				CLANG_WARN_NON_LITERAL_NULL_CONVERSION = YES;
				CLANG_WARN_OBJC_IMPLICIT_RETAIN_SELF = YES;
				CLANG_WARN_OBJC_LITERAL_CONVERSION = YES;
				CLANG_WARN_OBJC_ROOT_CLASS = YES_ERROR;
				CLANG_WARN_QUOTED_INCLUDE_IN_FRAMEWORK_HEADER = YES;
				CLANG_WARN_RANGE_LOOP_ANALYSIS = YES;
				CLANG_WARN_STRICT_PROTOTYPES = YES;
				CLANG_WARN_SUSPICIOUS_MOVE = YES;
				CLANG_WARN_UNGUARDED_AVAILABILITY = YES_AGGRESSIVE;
				CLANG_WARN_UNREACHABLE_CODE = YES;
				CLANG_WARN__DUPLICATE_METHOD_MATCH = YES;
				COPY_PHASE_STRIP = NO;
				DEBUG_INFORMATION_FORMAT = dwarf;
				ENABLE_STRICT_OBJC_MSGSEND = YES;
				ENABLE_TESTABILITY = YES;
				GCC_C_LANGUAGE_STANDARD = gnu11;
				GCC_DYNAMIC_NO_PIC = NO;
				GCC_NO_COMMON_BLOCKS = YES;
				GCC_OPTIMIZATION_LEVEL = 0;
				GCC_PREPROCESSOR_DEFINITIONS = (
					"DEBUG=1",
					"$(inherited)",
				);
				GCC_WARN_64_TO_32_BIT_CONVERSION = YES;
				GCC_WARN_ABOUT_RETURN_TYPE = YES_ERROR;
				GCC_WARN_UNDECLARED_SELECTOR = YES;
				GCC_WARN_UNINITIALIZED_AUTOS = YES_AGGRESSIVE;
				GCC_WARN_UNUSED_FUNCTION = YES;
				GCC_WARN_UNUSED_VARIABLE = YES;
				IPHONEOS_DEPLOYMENT_TARGET = 15.2;
				MTL_ENABLE_DEBUG_INFO = INCLUDE_SOURCE;
				MTL_FAST_MATH = YES;
				ONLY_ACTIVE_ARCH = YES;
				SDKROOT = iphoneos;
				SWIFT_ACTIVE_COMPILATION_CONDITIONS = DEBUG;
				SWIFT_OPTIMIZATION_LEVEL = "-Onone";
			};
			name = Debug;
		};
		96F159CC29D4021700839973 /* Release */ = {
			isa = XCBuildConfiguration;
			buildSettings = {
				ALWAYS_SEARCH_USER_PATHS = NO;
				CLANG_ANALYZER_NONNULL = YES;
				CLANG_ANALYZER_NUMBER_OBJECT_CONVERSION = YES_AGGRESSIVE;
				CLANG_CXX_LANGUAGE_STANDARD = "gnu++17";
				CLANG_CXX_LIBRARY = "libc++";
				CLANG_ENABLE_MODULES = YES;
				CLANG_ENABLE_OBJC_ARC = YES;
				CLANG_ENABLE_OBJC_WEAK = YES;
				CLANG_WARN_BLOCK_CAPTURE_AUTORELEASING = YES;
				CLANG_WARN_BOOL_CONVERSION = YES;
				CLANG_WARN_COMMA = YES;
				CLANG_WARN_CONSTANT_CONVERSION = YES;
				CLANG_WARN_DEPRECATED_OBJC_IMPLEMENTATIONS = YES;
				CLANG_WARN_DIRECT_OBJC_ISA_USAGE = YES_ERROR;
				CLANG_WARN_DOCUMENTATION_COMMENTS = YES;
				CLANG_WARN_EMPTY_BODY = YES;
				CLANG_WARN_ENUM_CONVERSION = YES;
				CLANG_WARN_INFINITE_RECURSION = YES;
				CLANG_WARN_INT_CONVERSION = YES;
				CLANG_WARN_NON_LITERAL_NULL_CONVERSION = YES;
				CLANG_WARN_OBJC_IMPLICIT_RETAIN_SELF = YES;
				CLANG_WARN_OBJC_LITERAL_CONVERSION = YES;
				CLANG_WARN_OBJC_ROOT_CLASS = YES_ERROR;
				CLANG_WARN_QUOTED_INCLUDE_IN_FRAMEWORK_HEADER = YES;
				CLANG_WARN_RANGE_LOOP_ANALYSIS = YES;
				CLANG_WARN_STRICT_PROTOTYPES = YES;
				CLANG_WARN_SUSPICIOUS_MOVE = YES;
				CLANG_WARN_UNGUARDED_AVAILABILITY = YES_AGGRESSIVE;
				CLANG_WARN_UNREACHABLE_CODE = YES;
				CLANG_WARN__DUPLICATE_METHOD_MATCH = YES;
				COPY_PHASE_STRIP = NO;
				DEBUG_INFORMATION_FORMAT = "dwarf-with-dsym";
				ENABLE_NS_ASSERTIONS = NO;
				ENABLE_STRICT_OBJC_MSGSEND = YES;
				GCC_C_LANGUAGE_STANDARD = gnu11;
				GCC_NO_COMMON_BLOCKS = YES;
				GCC_WARN_64_TO_32_BIT_CONVERSION = YES;
				GCC_WARN_ABOUT_RETURN_TYPE = YES_ERROR;
				GCC_WARN_UNDECLARED_SELECTOR = YES;
				GCC_WARN_UNINITIALIZED_AUTOS = YES_AGGRESSIVE;
				GCC_WARN_UNUSED_FUNCTION = YES;
				GCC_WARN_UNUSED_VARIABLE = YES;
				IPHONEOS_DEPLOYMENT_TARGET = 15.2;
				MTL_ENABLE_DEBUG_INFO = NO;
				MTL_FAST_MATH = YES;
				SDKROOT = iphoneos;
				SWIFT_COMPILATION_MODE = wholemodule;
				SWIFT_OPTIMIZATION_LEVEL = "-O";
				VALIDATE_PRODUCT = YES;
			};
			name = Release;
		};
		96F159CE29D4021700839973 /* Debug */ = {
			isa = XCBuildConfiguration;
			buildSettings = {
				ASSETCATALOG_COMPILER_APPICON_NAME = AppIcon;
				ASSETCATALOG_COMPILER_GLOBAL_ACCENT_COLOR_NAME = AccentColor;
				CODE_SIGN_STYLE = Automatic;
				CURRENT_PROJECT_VERSION = 1;
				DEVELOPMENT_ASSET_PATHS = "\"Animations Examples/Preview Content\"";
				ENABLE_PREVIEWS = YES;
				GENERATE_INFOPLIST_FILE = YES;
				INFOPLIST_KEY_UIApplicationSceneManifest_Generation = YES;
				INFOPLIST_KEY_UIApplicationSupportsIndirectInputEvents = YES;
				INFOPLIST_KEY_UILaunchScreen_Generation = YES;
				INFOPLIST_KEY_UISupportedInterfaceOrientations_iPad = "UIInterfaceOrientationPortrait UIInterfaceOrientationPortraitUpsideDown UIInterfaceOrientationLandscapeLeft UIInterfaceOrientationLandscapeRight";
				INFOPLIST_KEY_UISupportedInterfaceOrientations_iPhone = "UIInterfaceOrientationPortrait UIInterfaceOrientationLandscapeLeft UIInterfaceOrientationLandscapeRight";
				LD_RUNPATH_SEARCH_PATHS = (
					"$(inherited)",
					"@executable_path/Frameworks",
				);
				MARKETING_VERSION = 1.0;
				PRODUCT_BUNDLE_IDENTIFIER = "com.baphometdevelopment.Animations-Examples";
				PRODUCT_NAME = "$(TARGET_NAME)";
				SWIFT_EMIT_LOC_STRINGS = YES;
				SWIFT_VERSION = 5.0;
				TARGETED_DEVICE_FAMILY = "1,2";
			};
			name = Debug;
		};
		96F159CF29D4021700839973 /* Release */ = {
			isa = XCBuildConfiguration;
			buildSettings = {
				ASSETCATALOG_COMPILER_APPICON_NAME = AppIcon;
				ASSETCATALOG_COMPILER_GLOBAL_ACCENT_COLOR_NAME = AccentColor;
				CODE_SIGN_STYLE = Automatic;
				CURRENT_PROJECT_VERSION = 1;
				DEVELOPMENT_ASSET_PATHS = "\"Animations Examples/Preview Content\"";
				ENABLE_PREVIEWS = YES;
				GENERATE_INFOPLIST_FILE = YES;
				INFOPLIST_KEY_UIApplicationSceneManifest_Generation = YES;
				INFOPLIST_KEY_UIApplicationSupportsIndirectInputEvents = YES;
				INFOPLIST_KEY_UILaunchScreen_Generation = YES;
				INFOPLIST_KEY_UISupportedInterfaceOrientations_iPad = "UIInterfaceOrientationPortrait UIInterfaceOrientationPortraitUpsideDown UIInterfaceOrientationLandscapeLeft UIInterfaceOrientationLandscapeRight";
				INFOPLIST_KEY_UISupportedInterfaceOrientations_iPhone = "UIInterfaceOrientationPortrait UIInterfaceOrientationLandscapeLeft UIInterfaceOrientationLandscapeRight";
				LD_RUNPATH_SEARCH_PATHS = (
					"$(inherited)",
					"@executable_path/Frameworks",
				);
				MARKETING_VERSION = 1.0;
				PRODUCT_BUNDLE_IDENTIFIER = "com.baphometdevelopment.Animations-Examples";
				PRODUCT_NAME = "$(TARGET_NAME)";
				SWIFT_EMIT_LOC_STRINGS = YES;
				SWIFT_VERSION = 5.0;
				TARGETED_DEVICE_FAMILY = "1,2";
			};
			name = Release;
		};
/* End XCBuildConfiguration section */

/* Begin XCConfigurationList section */
		96F159BA29D4021300839973 /* Build configuration list for PBXProject "Animations Examples" */ = {
			isa = XCConfigurationList;
			buildConfigurations = (
				96F159CB29D4021700839973 /* Debug */,
				96F159CC29D4021700839973 /* Release */,
			);
			defaultConfigurationIsVisible = 0;
			defaultConfigurationName = Release;
		};
		96F159CD29D4021700839973 /* Build configuration list for PBXNativeTarget "Animations Examples" */ = {
			isa = XCConfigurationList;
			buildConfigurations = (
				96F159CE29D4021700839973 /* Debug */,
				96F159CF29D4021700839973 /* Release */,
			);
			defaultConfigurationIsVisible = 0;
			defaultConfigurationName = Release;
		};
/* End XCConfigurationList section */
	};
	rootObject = 96F159B729D4021300839973 /* Project object */;
}
